
Microsoft Visual Studio Solution File, Format Version 12.00
# Visual Studio 15
VisualStudioVersion = 15.0.28307.539
MinimumVisualStudioVersion = 10.0.40219.1
Project("{2150E333-8FDC-42A3-9474-1A3956D46DE8}") = "Solution Items", "Solution Items", "{46DFEDDA-57DD-43D8-984C-5AA18AB4C371}"
	ProjectSection(SolutionItems) = preProject
		1.html = 1.html
		style1.css = style1.css
	EndProjectSection
EndProject
Global
	GlobalSection(SolutionProperties) = preSolution
		HideSolutionNode = FALSE
	EndGlobalSection
	GlobalSection(ExtensibilityGlobals) = postSolution
		SolutionGuid = {F30B0B47-D1DC-4071-81FF-984FABFE9283}
	EndGlobalSection
EndGlobal
