
Microsoft Visual Studio Solution File, Format Version 12.00
# Visual Studio 15
VisualStudioVersion = 15.0.28307.539
MinimumVisualStudioVersion = 10.0.40219.1
Project("{2150E333-8FDC-42A3-9474-1A3956D46DE8}") = "Solution Items", "Solution Items", "{7C2B4EB2-571A-4291-A7C9-35E852EDF6D8}"
	ProjectSection(SolutionItems) = preProject
		2.html = 2.html
		Script2.js = Script2.js
		style2.css = style2.css
	EndProjectSection
EndProject
Global
	GlobalSection(SolutionProperties) = preSolution
		HideSolutionNode = FALSE
	EndGlobalSection
	GlobalSection(ExtensibilityGlobals) = postSolution
		SolutionGuid = {37757C3E-2CC4-420E-AB8D-E305F971DC0D}
	EndGlobalSection
EndGlobal
